<?xml version="1.0" encoding="utf-8"?>
<Project ToolsVersion="4.0" xmlns="http://schemas.microsoft.com/developer/msbuild/2003">
  <ItemGroup>
    <Filter Include="Source Files">
      <UniqueIdentifier>{4FC737F1-C7A5-4376-A066-2A32D752A2FF}</UniqueIdentifier>
      <Extensions>cpp;c;cc;cxx;def;odl;idl;hpj;bat;asm;asmx</Extensions>
    </Filter>
    <Filter Include="Resource Files">
      <UniqueIdentifier>{D9D6E242-F8AF-46E4-B9FD-80ECBC20BA3E}</UniqueIdentifier>
      <Extensions>qrc;*</Extensions>
      <ParseFiles>false</ParseFiles>
    </Filter>
    <Filter Include="Generated Files">
      <UniqueIdentifier>{71ED8ED8-ACB9-4CE9-BBE1-E00B30144E11}</UniqueIdentifier>
      <Extensions>moc;h;cpp</Extensions>
      <SourceControlFiles>False</SourceControlFiles>
    </Filter>
    <Filter Include="Source Files\Managers">
      <UniqueIdentifier>{f217cfbc-212c-42ff-80c5-72e8570db2ca}</UniqueIdentifier>
    </Filter>
    <Filter Include="Source Files\Managers\Dialogs">
      <UniqueIdentifier>{aa805cf8-2db8-4f9e-b723-e9e2aaa69219}</UniqueIdentifier>
    </Filter>
    <Filter Include="Source Files\Dialogs">
      <UniqueIdentifier>{dec3ab61-1a0a-46d3-9b08-99cd14a6221d}</UniqueIdentifier>
    </Filter>
    <Filter Include="Source Files\Structures">
      <UniqueIdentifier>{ccf5860a-d12e-43f0-80be-78062b2e6cd4}</UniqueIdentifier>
    </Filter>
    <Filter Include="Source Files\Inspectors">
      <UniqueIdentifier>{0d3a6b67-9478-4497-a1a2-88ec98b263f0}</UniqueIdentifier>
    </Filter>
    <Filter Include="Source Files\Application">
      <UniqueIdentifier>{de95f727-cc45-43a5-9bd6-9e4c7cab09ae}</UniqueIdentifier>
    </Filter>
    <Filter Include="Source Files\Structures\Commands">
      <UniqueIdentifier>{9a2304ee-4416-4ba9-8625-c3ca96eaa991}</UniqueIdentifier>
    </Filter>
  </ItemGroup>
  <ItemGroup>
    <ClCompile Include="Src\main.cpp">
      <Filter>Source Files</Filter>
    </ClCompile>
    <ClCompile Include="Src\Managers\ProjectManager.cpp">
      <Filter>Source Files\Managers</Filter>
    </ClCompile>
    <ClCompile Include="Src\Managers\InspectorManager.cpp">
      <Filter>Source Files\Managers</Filter>
    </ClCompile>
    <ClCompile Include="Src\Managers\SceneManager.cpp">
      <Filter>Source Files\Managers</Filter>
    </ClCompile>
    <ClCompile Include="Src\Structures\Point.cpp">
      <Filter>Source Files\Structures</Filter>
    </ClCompile>
    <ClCompile Include="Src\Application\Application.cpp">
      <Filter>Source Files\Application</Filter>
    </ClCompile>
    <ClCompile Include="Src\Inspectors\SceneInspector.cpp">
      <Filter>Source Files\Inspectors</Filter>
    </ClCompile>
    <ClCompile Include="Src\Inspectors\HeightMapInspector.cpp">
      <Filter>Source Files\Inspectors</Filter>
    </ClCompile>
    <ClCompile Include="Src\Inspectors\PointInspector.cpp">
      <Filter>Source Files\Inspectors</Filter>
    </ClCompile>
    <ClCompile Include="Src\Managers\Dialogs\PointDialog.cpp">
      <Filter>Source Files\Managers\Dialogs</Filter>
    </ClCompile>
    <ClCompile Include="Src\Structures\Commands\PointModificationCommand.cpp">
      <Filter>Source Files\Structures\Commands</Filter>
    </ClCompile>
    <ClCompile Include="Src\Managers\Dialogs\HeightMapDialog.cpp">
      <Filter>Source Files\Managers\Dialogs</Filter>
    </ClCompile>
    <ClCompile Include="Src\Inspectors\Scene3DInspector.cpp">
      <Filter>Source Files\Inspectors</Filter>
    </ClCompile>
  </ItemGroup>
  <ItemGroup>
    <QtMoc Include="Src\Managers\IInspectorManager.hpp">
      <Filter>Source Files\Managers</Filter>
    </QtMoc>
    <QtMoc Include="Src\Managers\IProjectManager.hpp">
      <Filter>Source Files\Managers</Filter>
    </QtMoc>
    <QtMoc Include="Src\Application\Application.hpp">
      <Filter>Source Files\Application</Filter>
    </QtMoc>
  </ItemGroup>
  <ItemGroup>
    <ClInclude Include="Src\Managers\Dialogs\IPointDialog.hpp">
      <Filter>Source Files\Managers\Dialogs</Filter>
    </ClInclude>
    <ClInclude Include="Src\Dialogs\IDialog.hpp">
      <Filter>Source Files\Dialogs</Filter>
    </ClInclude>
    <ClInclude Include="Src\Structures\Scene.hpp">
      <Filter>Source Files\Structures</Filter>
    </ClInclude>
    <ClInclude Include="Src\Managers\ProjectManager.hpp">
      <Filter>Source Files\Managers</Filter>
    </ClInclude>
    <ClInclude Include="Src\Managers\ISceneManager.hpp">
      <Filter>Source Files\Managers</Filter>
    </ClInclude>
    <ClInclude Include="Src\Managers\SceneManager.hpp">
      <Filter>Source Files\Managers</Filter>
    </ClInclude>
    <ClInclude Include="Src\Managers\InspectorManager.hpp">
      <Filter>Source Files\Managers</Filter>
    </ClInclude>
    <ClInclude Include="Src\Structures\Point.hpp">
      <Filter>Source Files\Structures</Filter>
    </ClInclude>
    <ClInclude Include="Src\Inspectors\IInspector.hpp">
      <Filter>Source Files\Inspectors</Filter>
    </ClInclude>
    <ClInclude Include="Src\Inspectors\SceneInspector.hpp">
      <Filter>Source Files\Inspectors</Filter>
    </ClInclude>
    <ClInclude Include="Src\Inspectors\PointInspector.hpp">
      <Filter>Source Files\Inspectors</Filter>
    </ClInclude>
    <ClInclude Include="Src\Structures\Commands\ICommand.hpp">
      <Filter>Source Files\Structures\Commands</Filter>
    </ClInclude>
    <ClInclude Include="Src\Structures\Commands\IPointModificationCommand.hpp">
      <Filter>Source Files\Structures\Commands</Filter>
    </ClInclude>
    <ClInclude Include="Src\Structures\Commands\PointModificationCommand.hpp">
      <Filter>Source Files\Structures\Commands</Filter>
    </ClInclude>
    <ClInclude Include="Src\Inspectors\HeightMapInspector.hpp">
      <Filter>Source Files\Inspectors</Filter>
    </ClInclude>
    <ClInclude Include="Src\Managers\Dialogs\IHeightMapDialog.hpp">
      <Filter>Source Files\Managers\Dialogs</Filter>
    </ClInclude>
    <ClInclude Include="Src\Managers\Dialogs\PointDialog.hpp">
      <Filter>Source Files\Managers\Dialogs</Filter>
    </ClInclude>
    <ClInclude Include="Src\Managers\Dialogs\HeightMapDialog.hpp">
      <Filter>Source Files\Managers\Dialogs</Filter>
    </ClInclude>
    <ClInclude Include="Src\Inspectors\Scene3DInspector.hpp">
      <Filter>Source Files\Inspectors</Filter>
    </ClInclude>
  </ItemGroup>
</Project>